
Microsoft Visual Studio Solution File, Format Version 12.00
# Visual Studio Version 17
VisualStudioVersion = 17.0.31903.59
MinimumVisualStudioVersion = 10.0.40219.1
Project("{FAE04EC0-301F-11D3-BF4B-00C04F79EFBC}") = "todoapi.API", "..\todoapi.API\todoapi.API.csproj", "{957E74F2-E5A1-4B67-BA22-77A0E405FEA5}"
EndProject
Project("{FAE04EC0-301F-11D3-BF4B-00C04F79EFBC}") = "todoapi.Test", "todoapi.Test.csproj", "{A5F4E6A6-52EE-41EF-8ADE-8BF801EA0EC0}"
EndProject
Global
	GlobalSection(SolutionConfigurationPlatforms) = preSolution
		Debug|Any CPU = Debug|Any CPU
		Debug|x64 = Debug|x64
		Debug|x86 = Debug|x86
		Release|Any CPU = Release|Any CPU
		Release|x64 = Release|x64
		Release|x86 = Release|x86
	EndGlobalSection
	GlobalSection(ProjectConfigurationPlatforms) = postSolution
		{957E74F2-E5A1-4B67-BA22-77A0E405FEA5}.Debug|Any CPU.ActiveCfg = Debug|Any CPU
		{957E74F2-E5A1-4B67-BA22-77A0E405FEA5}.Debug|Any CPU.Build.0 = Debug|Any CPU
		{957E74F2-E5A1-4B67-BA22-77A0E405FEA5}.Debug|x64.ActiveCfg = Debug|Any CPU
		{957E74F2-E5A1-4B67-BA22-77A0E405FEA5}.Debug|x64.Build.0 = Debug|Any CPU
		{957E74F2-E5A1-4B67-BA22-77A0E405FEA5}.Debug|x86.ActiveCfg = Debug|Any CPU
		{957E74F2-E5A1-4B67-BA22-77A0E405FEA5}.Debug|x86.Build.0 = Debug|Any CPU
		{957E74F2-E5A1-4B67-BA22-77A0E405FEA5}.Release|Any CPU.ActiveCfg = Release|Any CPU
		{957E74F2-E5A1-4B67-BA22-77A0E405FEA5}.Release|Any CPU.Build.0 = Release|Any CPU
		{957E74F2-E5A1-4B67-BA22-77A0E405FEA5}.Release|x64.ActiveCfg = Release|Any CPU
		{957E74F2-E5A1-4B67-BA22-77A0E405FEA5}.Release|x64.Build.0 = Release|Any CPU
		{957E74F2-E5A1-4B67-BA22-77A0E405FEA5}.Release|x86.ActiveCfg = Release|Any CPU
		{957E74F2-E5A1-4B67-BA22-77A0E405FEA5}.Release|x86.Build.0 = Release|Any CPU
		{A5F4E6A6-52EE-41EF-8ADE-8BF801EA0EC0}.Debug|Any CPU.ActiveCfg = Debug|Any CPU
		{A5F4E6A6-52EE-41EF-8ADE-8BF801EA0EC0}.Debug|Any CPU.Build.0 = Debug|Any CPU
		{A5F4E6A6-52EE-41EF-8ADE-8BF801EA0EC0}.Debug|x64.ActiveCfg = Debug|Any CPU
		{A5F4E6A6-52EE-41EF-8ADE-8BF801EA0EC0}.Debug|x64.Build.0 = Debug|Any CPU
		{A5F4E6A6-52EE-41EF-8ADE-8BF801EA0EC0}.Debug|x86.ActiveCfg = Debug|Any CPU
		{A5F4E6A6-52EE-41EF-8ADE-8BF801EA0EC0}.Debug|x86.Build.0 = Debug|Any CPU
		{A5F4E6A6-52EE-41EF-8ADE-8BF801EA0EC0}.Release|Any CPU.ActiveCfg = Release|Any CPU
		{A5F4E6A6-52EE-41EF-8ADE-8BF801EA0EC0}.Release|Any CPU.Build.0 = Release|Any CPU
		{A5F4E6A6-52EE-41EF-8ADE-8BF801EA0EC0}.Release|x64.ActiveCfg = Release|Any CPU
		{A5F4E6A6-52EE-41EF-8ADE-8BF801EA0EC0}.Release|x64.Build.0 = Release|Any CPU
		{A5F4E6A6-52EE-41EF-8ADE-8BF801EA0EC0}.Release|x86.ActiveCfg = Release|Any CPU
		{A5F4E6A6-52EE-41EF-8ADE-8BF801EA0EC0}.Release|x86.Build.0 = Release|Any CPU
	EndGlobalSection
	GlobalSection(SolutionProperties) = preSolution
		HideSolutionNode = FALSE
	EndGlobalSection
EndGlobal
